
Microsoft Visual Studio Solution File, Format Version 12.00
# Visual Studio 15
VisualStudioVersion = 15.0.33026.149
MinimumVisualStudioVersion = 10.0.40219.1
Project("{FAE04EC0-301F-11D3-BF4B-00C04F79EFBC}") = "LMSBFP", "LMSBFP.csproj", "{12E4BCCB-A232-4CB0-8461-2D4BE707E225}"
EndProject
Global
	GlobalSection(SolutionConfigurationPlatforms) = preSolution
		Debug|Any CPU = Debug|Any CPU
		Release|Any CPU = Release|Any CPU
	EndGlobalSection
	GlobalSection(ProjectConfigurationPlatforms) = postSolution
		{12E4BCCB-A232-4CB0-8461-2D4BE707E225}.Debug|Any CPU.ActiveCfg = Debug|Any CPU
		{12E4BCCB-A232-4CB0-8461-2D4BE707E225}.Debug|Any CPU.Build.0 = Debug|Any CPU
		{12E4BCCB-A232-4CB0-8461-2D4BE707E225}.Release|Any CPU.ActiveCfg = Release|Any CPU
		{12E4BCCB-A232-4CB0-8461-2D4BE707E225}.Release|Any CPU.Build.0 = Release|Any CPU
	EndGlobalSection
	GlobalSection(SolutionProperties) = preSolution
		HideSolutionNode = FALSE
	EndGlobalSection
	GlobalSection(ExtensibilityGlobals) = postSolution
		SolutionGuid = {8593C464-2AFE-4985-8DF8-DC1687A3E0E0}
	EndGlobalSection
EndGlobal
